// !$*UTF8*$!
{
	archiveVersion = 1;
	classes = {
	};
	objectVersion = 50;
	objects = {

/* Begin PBXBuildFile section */
		AFEB2AD425B8922C00970C08 /* AppDelegate.swift in Sources */ = {isa = PBXBuildFile; fileRef = AFEB2AD325B8922C00970C08 /* AppDelegate.swift */; };
		AFEB2AD625B8922C00970C08 /* SceneDelegate.swift in Sources */ = {isa = PBXBuildFile; fileRef = AFEB2AD525B8922C00970C08 /* SceneDelegate.swift */; };
		AFEB2AD825B8922C00970C08 /* ContentView.swift in Sources */ = {isa = PBXBuildFile; fileRef = AFEB2AD725B8922C00970C08 /* ContentView.swift */; };
		AFEB2ADA25B8922D00970C08 /* Assets.xcassets in Resources */ = {isa = PBXBuildFile; fileRef = AFEB2AD925B8922D00970C08 /* Assets.xcassets */; };
		AFEB2ADD25B8922D00970C08 /* Preview Assets.xcassets in Resources */ = {isa = PBXBuildFile; fileRef = AFEB2ADC25B8922D00970C08 /* Preview Assets.xcassets */; };
		AFEB2AE025B8922D00970C08 /* LaunchScreen.storyboard in Resources */ = {isa = PBXBuildFile; fileRef = AFEB2ADE25B8922D00970C08 /* LaunchScreen.storyboard */; };
/* End PBXBuildFile section */

/* Begin PBXFileReference section */
		AFEB2AD025B8922C00970C08 /* VersionControlandTerminal.app */ = {isa = PBXFileReference; explicitFileType = wrapper.application; includeInIndex = 0; path = VersionControlandTerminal.app; sourceTree = BUILT_PRODUCTS_DIR; };
		AFEB2AD325B8922C00970C08 /* AppDelegate.swift */ = {isa = PBXFileReference; lastKnownFileType = sourcecode.swift; path = AppDelegate.swift; sourceTree = "<group>"; };
		AFEB2AD525B8922C00970C08 /* SceneDelegate.swift */ = {isa = PBXFileReference; lastKnownFileType = sourcecode.swift; path = SceneDelegate.swift; sourceTree = "<group>"; };
		AFEB2AD725B8922C00970C08 /* ContentView.swift */ = {isa = PBXFileReference; lastKnownFileType = sourcecode.swift; path = ContentView.swift; sourceTree = "<group>"; };
		AFEB2AD925B8922D00970C08 /* Assets.xcassets */ = {isa = PBXFileReference; lastKnownFileType = folder.assetcatalog; path = Assets.xcassets; sourceTree = "<group>"; };
		AFEB2ADC25B8922D00970C08 /* Preview Assets.xcassets */ = {isa = PBXFileReference; lastKnownFileType = folder.assetcatalog; path = "Preview Assets.xcassets"; sourceTree = "<group>"; };
		AFEB2ADF25B8922D00970C08 /* Base */ = {isa = PBXFileReference; lastKnownFileType = file.storyboard; name = Base; path = Base.lproj/LaunchScreen.storyboard; sourceTree = "<group>"; };
		AFEB2AE125B8922D00970C08 /* Info.plist */ = {isa = PBXFileReference; lastKnownFileType = text.plist.xml; path = Info.plist; sourceTree = "<group>"; };
/* End PBXFileReference section */

/* Begin PBXFrameworksBuildPhase section */
		AFEB2ACD25B8922C00970C08 /* Frameworks */ = {
			isa = PBXFrameworksBuildPhase;
			buildActionMask = 2147483647;
			files = (
			);
			runOnlyForDeploymentPostprocessing = 0;
		};
/* End PBXFrameworksBuildPhase section */

/* Begin PBXGroup section */
		AFEB2AC725B8922C00970C08 = {
			isa = PBXGroup;
			children = (
				AFEB2AD225B8922C00970C08 /* VersionControlandTerminal */,
				AFEB2AD125B8922C00970C08 /* Products */,
			);
			sourceTree = "<group>";
		};
		AFEB2AD125B8922C00970C08 /* Products */ = {
			isa = PBXGroup;
			children = (
				AFEB2AD025B8922C00970C08 /* VersionControlandTerminal.app */,
			);
			name = Products;
			sourceTree = "<group>";
		};
		AFEB2AD225B8922C00970C08 /* VersionControlandTerminal */ = {
			isa = PBXGroup;
			children = (
				AFEB2AD325B8922C00970C08 /* AppDelegate.swift */,
				AFEB2AD525B8922C00970C08 /* SceneDelegate.swift */,
				AFEB2AD725B8922C00970C08 /* ContentView.swift */,
				AFEB2AD925B8922D00970C08 /* Assets.xcassets */,
				AFEB2ADE25B8922D00970C08 /* LaunchScreen.storyboard */,
				AFEB2AE125B8922D00970C08 /* Info.plist */,
				AFEB2ADB25B8922D00970C08 /* Preview Content */,
			);
			path = VersionControlandTerminal;
			sourceTree = "<group>";
		};
		AFEB2ADB25B8922D00970C08 /* Preview Content */ = {
			isa = PBXGroup;
			children = (
				AFEB2ADC25B8922D00970C08 /* Preview Assets.xcassets */,
			);
			path = "Preview Content";
			sourceTree = "<group>";
		};
/* End PBXGroup section */

/* Begin PBXNativeTarget section */
		AFEB2ACF25B8922C00970C08 /* VersionControlandTerminal */ = {
			isa = PBXNativeTarget;
			buildConfigurationList = AFEB2AE425B8922D00970C08 /* Build configuration list for PBXNativeTarget "VersionControlandTerminal" */;
			buildPhases = (
				AFEB2ACC25B8922C00970C08 /* Sources */,
				AFEB2ACD25B8922C00970C08 /* Frameworks */,
				AFEB2ACE25B8922C00970C08 /* Resources */,
			);
			buildRules = (
			);
			dependencies = (
			);
			name = VersionControlandTerminal;
			productName = VersionControlandTerminal;
			productReference = AFEB2AD025B8922C00970C08 /* VersionControlandTerminal.app */;
			productType = "com.apple.product-type.application";
		};
/* End PBXNativeTarget section */

/* Begin PBXProject section */
		AFEB2AC825B8922C00970C08 /* Project object */ = {
			isa = PBXProject;
			attributes = {
				LastSwiftUpdateCheck = 1230;
				LastUpgradeCheck = 1230;
				TargetAttributes = {
					AFEB2ACF25B8922C00970C08 = {
						CreatedOnToolsVersion = 12.3;
					};
				};
			};
			buildConfigurationList = AFEB2ACB25B8922C00970C08 /* Build configuration list for PBXProject "VersionControlandTerminal" */;
			compatibilityVersion = "Xcode 9.3";
			developmentRegion = en;
			hasScannedForEncodings = 0;
			knownRegions = (
				en,
				Base,
			);
			mainGroup = AFEB2AC725B8922C00970C08;
			productRefGroup = AFEB2AD125B8922C00970C08 /* Products */;
			projectDirPath = "";
			projectRoot = "";
			targets = (
				AFEB2ACF25B8922C00970C08 /* VersionControlandTerminal */,
			);
		};
/* End PBXProject section */

/* Begin PBXResourcesBuildPhase section */
		AFEB2ACE25B8922C00970C08 /* Resources */ = {
			isa = PBXResourcesBuildPhase;
			buildActionMask = 2147483647;
			files = (
				AFEB2AE025B8922D00970C08 /* LaunchScreen.storyboard in Resources */,
				AFEB2ADD25B8922D00970C08 /* Preview Assets.xcassets in Resources */,
				AFEB2ADA25B8922D00970C08 /* Assets.xcassets in Resources */,
			);
			runOnlyForDeploymentPostprocessing = 0;
		};
/* End PBXResourcesBuildPhase section */

/* Begin PBXSourcesBuildPhase section */
		AFEB2ACC25B8922C00970C08 /* Sources */ = {
			isa = PBXSourcesBuildPhase;
			buildActionMask = 2147483647;
			files = (
				AFEB2AD425B8922C00970C08 /* AppDelegate.swift in Sources */,
				AFEB2AD625B8922C00970C08 /* SceneDelegate.swift in Sources */,
				AFEB2AD825B8922C00970C08 /* ContentView.swift in Sources */,
			);
			runOnlyForDeploymentPostprocessing = 0;
		};
/* End PBXSourcesBuildPhase section */

/* Begin PBXVariantGroup section */
		AFEB2ADE25B8922D00970C08 /* LaunchScreen.storyboard */ = {
			isa = PBXVariantGroup;
			children = (
				AFEB2ADF25B8922D00970C08 /* Base */,
			);
			name = LaunchScreen.storyboard;
			sourceTree = "<group>";
		};
/* End PBXVariantGroup section */

/* Begin XCBuildConfiguration section */
		AFEB2AE225B8922D00970C08 /* Debug */ = {
			isa = XCBuildConfiguration;
			buildSettings = {
				ALWAYS_SEARCH_USER_PATHS = NO;
				CLANG_ANALYZER_NONNULL = YES;
				CLANG_ANALYZER_NUMBER_OBJECT_CONVERSION = YES_AGGRESSIVE;
				CLANG_CXX_LANGUAGE_STANDARD = "gnu++14";
				CLANG_CXX_LIBRARY = "libc++";
				CLANG_ENABLE_MODULES = YES;
				CLANG_ENABLE_OBJC_ARC = YES;
				CLANG_ENABLE_OBJC_WEAK = YES;
				CLANG_WARN_BLOCK_CAPTURE_AUTORELEASING = YES;
				CLANG_WARN_BOOL_CONVERSION = YES;
				CLANG_WARN_COMMA = YES;
				CLANG_WARN_CONSTANT_CONVERSION = YES;
				CLANG_WARN_DEPRECATED_OBJC_IMPLEMENTATIONS = YES;
				CLANG_WARN_DIRECT_OBJC_ISA_USAGE = YES_ERROR;
				CLANG_WARN_DOCUMENTATION_COMMENTS = YES;
				CLANG_WARN_EMPTY_BODY = YES;
				CLANG_WARN_ENUM_CONVERSION = YES;
				CLANG_WARN_INFINITE_RECURSION = YES;
				CLANG_WARN_INT_CONVERSION = YES;
				CLANG_WARN_NON_LITERAL_NULL_CONVERSION = YES;
				CLANG_WARN_OBJC_IMPLICIT_RETAIN_SELF = YES;
				CLANG_WARN_OBJC_LITERAL_CONVERSION = YES;
				CLANG_WARN_OBJC_ROOT_CLASS = YES_ERROR;
				CLANG_WARN_QUOTED_INCLUDE_IN_FRAMEWORK_HEADER = YES;
				CLANG_WARN_RANGE_LOOP_ANALYSIS = YES;
				CLANG_WARN_STRICT_PROTOTYPES = YES;
				CLANG_WARN_SUSPICIOUS_MOVE = YES;
				CLANG_WARN_UNGUARDED_AVAILABILITY = YES_AGGRESSIVE;
				CLANG_WARN_UNREACHABLE_CODE = YES;
				CLANG_WARN__DUPLICATE_METHOD_MATCH = YES;
				COPY_PHASE_STRIP = NO;
				DEBUG_INFORMATION_FORMAT = dwarf;
				ENABLE_STRICT_OBJC_MSGSEND = YES;
				ENABLE_TESTABILITY = YES;
				GCC_C_LANGUAGE_STANDARD = gnu11;
				GCC_DYNAMIC_NO_PIC = NO;
				GCC_NO_COMMON_BLOCKS = YES;
				GCC_OPTIMIZATION_LEVEL = 0;
				GCC_PREPROCESSOR_DEFINITIONS = (
					"DEBUG=1",
					"$(inherited)",
				);
				GCC_WARN_64_TO_32_BIT_CONVERSION = YES;
				GCC_WARN_ABOUT_RETURN_TYPE = YES_ERROR;
				GCC_WARN_UNDECLARED_SELECTOR = YES;
				GCC_WARN_UNINITIALIZED_AUTOS = YES_AGGRESSIVE;
				GCC_WARN_UNUSED_FUNCTION = YES;
				GCC_WARN_UNUSED_VARIABLE = YES;
				IPHONEOS_DEPLOYMENT_TARGET = 14.3;
				MTL_ENABLE_DEBUG_INFO = INCLUDE_SOURCE;
				MTL_FAST_MATH = YES;
				ONLY_ACTIVE_ARCH = YES;
				SDKROOT = iphoneos;
				SWIFT_ACTIVE_COMPILATION_CONDITIONS = DEBUG;
				SWIFT_OPTIMIZATION_LEVEL = "-Onone";
			};
			name = Debug;
		};
		AFEB2AE325B8922D00970C08 /* Release */ = {
			isa = XCBuildConfiguration;
			buildSettings = {
				ALWAYS_SEARCH_USER_PATHS = NO;
				CLANG_ANALYZER_NONNULL = YES;
				CLANG_ANALYZER_NUMBER_OBJECT_CONVERSION = YES_AGGRESSIVE;
				CLANG_CXX_LANGUAGE_STANDARD = "gnu++14";
				CLANG_CXX_LIBRARY = "libc++";
				CLANG_ENABLE_MODULES = YES;
				CLANG_ENABLE_OBJC_ARC = YES;
				CLANG_ENABLE_OBJC_WEAK = YES;
				CLANG_WARN_BLOCK_CAPTURE_AUTORELEASING = YES;
				CLANG_WARN_BOOL_CONVERSION = YES;
				CLANG_WARN_COMMA = YES;
				CLANG_WARN_CONSTANT_CONVERSION = YES;
				CLANG_WARN_DEPRECATED_OBJC_IMPLEMENTATIONS = YES;
				CLANG_WARN_DIRECT_OBJC_ISA_USAGE = YES_ERROR;
				CLANG_WARN_DOCUMENTATION_COMMENTS = YES;
				CLANG_WARN_EMPTY_BODY = YES;
				CLANG_WARN_ENUM_CONVERSION = YES;
				CLANG_WARN_INFINITE_RECURSION = YES;
				CLANG_WARN_INT_CONVERSION = YES;
				CLANG_WARN_NON_LITERAL_NULL_CONVERSION = YES;
				CLANG_WARN_OBJC_IMPLICIT_RETAIN_SELF = YES;
				CLANG_WARN_OBJC_LITERAL_CONVERSION = YES;
				CLANG_WARN_OBJC_ROOT_CLASS = YES_ERROR;
				CLANG_WARN_QUOTED_INCLUDE_IN_FRAMEWORK_HEADER = YES;
				CLANG_WARN_RANGE_LOOP_ANALYSIS = YES;
				CLANG_WARN_STRICT_PROTOTYPES = YES;
				CLANG_WARN_SUSPICIOUS_MOVE = YES;
				CLANG_WARN_UNGUARDED_AVAILABILITY = YES_AGGRESSIVE;
				CLANG_WARN_UNREACHABLE_CODE = YES;
				CLANG_WARN__DUPLICATE_METHOD_MATCH = YES;
				COPY_PHASE_STRIP = NO;
				DEBUG_INFORMATION_FORMAT = "dwarf-with-dsym";
				ENABLE_NS_ASSERTIONS = NO;
				ENABLE_STRICT_OBJC_MSGSEND = YES;
				GCC_C_LANGUAGE_STANDARD = gnu11;
				GCC_NO_COMMON_BLOCKS = YES;
				GCC_WARN_64_TO_32_BIT_CONVERSION = YES;
				GCC_WARN_ABOUT_RETURN_TYPE = YES_ERROR;
				GCC_WARN_UNDECLARED_SELECTOR = YES;
				GCC_WARN_UNINITIALIZED_AUTOS = YES_AGGRESSIVE;
				GCC_WARN_UNUSED_FUNCTION = YES;
				GCC_WARN_UNUSED_VARIABLE = YES;
				IPHONEOS_DEPLOYMENT_TARGET = 14.3;
				MTL_ENABLE_DEBUG_INFO = NO;
				MTL_FAST_MATH = YES;
				SDKROOT = iphoneos;
				SWIFT_COMPILATION_MODE = wholemodule;
				SWIFT_OPTIMIZATION_LEVEL = "-O";
				VALIDATE_PRODUCT = YES;
			};
			name = Release;
		};
		AFEB2AE525B8922D00970C08 /* Debug */ = {
			isa = XCBuildConfiguration;
			buildSettings = {
				ASSETCATALOG_COMPILER_APPICON_NAME = AppIcon;
				ASSETCATALOG_COMPILER_GLOBAL_ACCENT_COLOR_NAME = AccentColor;
				CODE_SIGN_STYLE = Automatic;
				DEVELOPMENT_ASSET_PATHS = "\"VersionControlandTerminal/Preview Content\"";
				ENABLE_PREVIEWS = YES;
				INFOPLIST_FILE = VersionControlandTerminal/Info.plist;
				LD_RUNPATH_SEARCH_PATHS = (
					"$(inherited)",
					"@executable_path/Frameworks",
				);
				PRODUCT_BUNDLE_IDENTIFIER = hub.tulsatech.edu.VersionControlandTerminal;
				PRODUCT_NAME = "$(TARGET_NAME)";
				SWIFT_VERSION = 5.0;
				TARGETED_DEVICE_FAMILY = "1,2";
			};
			name = Debug;
		};
		AFEB2AE625B8922D00970C08 /* Release */ = {
			isa = XCBuildConfiguration;
			buildSettings = {
				ASSETCATALOG_COMPILER_APPICON_NAME = AppIcon;
				ASSETCATALOG_COMPILER_GLOBAL_ACCENT_COLOR_NAME = AccentColor;
				CODE_SIGN_STYLE = Automatic;
				DEVELOPMENT_ASSET_PATHS = "\"VersionControlandTerminal/Preview Content\"";
				ENABLE_PREVIEWS = YES;
				INFOPLIST_FILE = VersionControlandTerminal/Info.plist;
				LD_RUNPATH_SEARCH_PATHS = (
					"$(inherited)",
					"@executable_path/Frameworks",
				);
				PRODUCT_BUNDLE_IDENTIFIER = hub.tulsatech.edu.VersionControlandTerminal;
				PRODUCT_NAME = "$(TARGET_NAME)";
				SWIFT_VERSION = 5.0;
				TARGETED_DEVICE_FAMILY = "1,2";
			};
			name = Release;
		};
/* End XCBuildConfiguration section */

/* Begin XCConfigurationList section */
		AFEB2ACB25B8922C00970C08 /* Build configuration list for PBXProject "VersionControlandTerminal" */ = {
			isa = XCConfigurationList;
			buildConfigurations = (
				AFEB2AE225B8922D00970C08 /* Debug */,
				AFEB2AE325B8922D00970C08 /* Release */,
			);
			defaultConfigurationIsVisible = 0;
			defaultConfigurationName = Release;
		};
		AFEB2AE425B8922D00970C08 /* Build configuration list for PBXNativeTarget "VersionControlandTerminal" */ = {
			isa = XCConfigurationList;
			buildConfigurations = (
				AFEB2AE525B8922D00970C08 /* Debug */,
				AFEB2AE625B8922D00970C08 /* Release */,
			);
			defaultConfigurationIsVisible = 0;
			defaultConfigurationName = Release;
		};
/* End XCConfigurationList section */
	};
	rootObject = AFEB2AC825B8922C00970C08 /* Project object */;
}
